
Microsoft Visual Studio Solution File, Format Version 12.00
# Visual Studio Version 17
VisualStudioVersion = 17.5.33424.131
MinimumVisualStudioVersion = 10.0.40219.1
Project("{FAE04EC0-301F-11D3-BF4B-00C04F79EFBC}") = "asp-net-core-git-flow", "asp-net-core-git-flow.csproj", "{1B9B3853-F4C0-4F85-9CA1-923D99488C32}"
EndProject
Global
	GlobalSection(SolutionConfigurationPlatforms) = preSolution
		Debug|Any CPU = Debug|Any CPU
		Release|Any CPU = Release|Any CPU
	EndGlobalSection
	GlobalSection(ProjectConfigurationPlatforms) = postSolution
		{1B9B3853-F4C0-4F85-9CA1-923D99488C32}.Debug|Any CPU.ActiveCfg = Debug|Any CPU
		{1B9B3853-F4C0-4F85-9CA1-923D99488C32}.Debug|Any CPU.Build.0 = Debug|Any CPU
		{1B9B3853-F4C0-4F85-9CA1-923D99488C32}.Release|Any CPU.ActiveCfg = Release|Any CPU
		{1B9B3853-F4C0-4F85-9CA1-923D99488C32}.Release|Any CPU.Build.0 = Release|Any CPU
	EndGlobalSection
	GlobalSection(SolutionProperties) = preSolution
		HideSolutionNode = FALSE
	EndGlobalSection
	GlobalSection(ExtensibilityGlobals) = postSolution
		SolutionGuid = {E1032C4E-7D48-422A-938A-C2DCAAA0901B}
	EndGlobalSection
EndGlobal
